{
  "version": 4,
  "terraform_version": "1.2.6",
  "serial": 8,
  "lineage": "7b58846e-6c2d-934b-43f0-ea736a992c06",
  "outputs": {},
  "resources": [
    {
      "mode": "managed",
      "type": "local_file",
      "name": "demofile",
      "provider": "provider[\"registry.terraform.io/hashicorp/local\"]",
      "instances": [
        {
          "schema_version": 0,
          "attributes": {
            "content": "6114959653780514349",
            "content_base64": null,
            "directory_permission": "0777",
            "file_permission": "0777",
            "filename": "54dcb3681b6ee62d",
            "id": "65c5897233af4be3fb76b657432d583c246be68d",
            "sensitive_content": null,
            "source": null
          },
          "sensitive_attributes": [],
          "private": "bnVsbA==",
          "dependencies": [
            "random_id.f-name"
          ]
        }
      ]
    },
    {
      "mode": "managed",
      "type": "local_file",
      "name": "fifthfile",
      "provider": "provider[\"registry.terraform.io/hashicorp/local\"]",
      "instances": [
        {
          "schema_version": 0,
          "attributes": {
            "content": "fifth file content",
            "content_base64": null,
            "directory_permission": "0777",
            "file_permission": "0777",
            "filename": "priyam",
            "id": "6c734592daf4254ad1bc1497a2f2f4128756a0b0",
            "sensitive_content": null,
            "source": null
          },
          "sensitive_attributes": [],
          "private": "bnVsbA=="
        }
      ]
    },
    {
      "mode": "managed",
      "type": "local_file",
      "name": "firstfile",
      "provider": "provider[\"registry.terraform.io/hashicorp/local\"]",
      "instances": [
        {
          "schema_version": 0,
          "attributes": {
            "content": "This is the first file!",
            "content_base64": null,
            "directory_permission": "0777",
            "file_permission": "0777",
            "filename": "$/Users/priyam/Desktop/firstfile.html",
            "id": "48ee95885a49b3f71e9d35bf87cb835de770e074",
            "sensitive_content": null,
            "source": null
          },
          "sensitive_attributes": [],
          "private": "bnVsbA=="
        }
      ]
    },
    {
      "mode": "managed",
      "type": "local_file",
      "name": "fourthfile",
      "provider": "provider[\"registry.terraform.io/hashicorp/local\"]",
      "instances": [
        {
          "schema_version": 0,
          "attributes": {
            "content": "This is the fourth file!",
            "content_base64": null,
            "directory_permission": "0777",
            "file_permission": "0777",
            "filename": "$/Users/Shared/fourthfile.txt",
            "id": "aa52c2e94d99d1dec49a0de11875d27ca91a19f7",
            "sensitive_content": null,
            "source": null
          },
          "sensitive_attributes": [],
          "private": "bnVsbA=="
        }
      ]
    },
    {
      "mode": "managed",
      "type": "local_file",
      "name": "secondfile",
      "provider": "provider[\"registry.terraform.io/hashicorp/local\"]",
      "instances": [
        {
          "schema_version": 0,
          "attributes": {
            "content": "This is the second file!",
            "content_base64": null,
            "directory_permission": "0777",
            "file_permission": "0777",
            "filename": "$/Users/priyam/Documents/secondfile.txt",
            "id": "9967063c038848a4f361080dad6f29db1f798d1e",
            "sensitive_content": null,
            "source": null
          },
          "sensitive_attributes": [],
          "private": "bnVsbA=="
        }
      ]
    },
    {
      "mode": "managed",
      "type": "local_file",
      "name": "thirdfile",
      "provider": "provider[\"registry.terraform.io/hashicorp/local\"]",
      "instances": [
        {
          "schema_version": 0,
          "attributes": {
            "content": "This is the third file!",
            "content_base64": null,
            "directory_permission": "0777",
            "file_permission": "0777",
            "filename": "$/Users/maneesh/Public/thirdfile.rtf",
            "id": "b079e952cbadcf967cbeefcc70209884a0130081",
            "sensitive_content": null,
            "source": null
          },
          "sensitive_attributes": [],
          "private": "bnVsbA=="
        }
      ]
    },
    {
      "mode": "managed",
      "type": "random_id",
      "name": "f-name",
      "provider": "provider[\"registry.terraform.io/hashicorp/random\"]",
      "instances": [
        {
          "schema_version": 0,
          "attributes": {
            "b64_std": "VNyzaBtu5i0=",
            "b64_url": "VNyzaBtu5i0",
            "byte_length": 8,
            "dec": "6114959653780514349",
            "hex": "54dcb3681b6ee62d",
            "id": "VNyzaBtu5i0",
            "keepers": null,
            "prefix": null
          },
          "sensitive_attributes": [],
          "private": "bnVsbA=="
        }
      ]
    }
  ]
}
